
Microsoft Visual Studio Solution File, Format Version 12.00
# Visual Studio Version 17
VisualStudioVersion = 17.0.31903.59
MinimumVisualStudioVersion = 10.0.40219.1
Project("{2150E333-8FDC-42A3-9474-1A3956D46DE8}") = "src", "src", "{827E0CD3-B72D-47B6-A68D-7590B98EB39B}"
EndProject
Project("{FAE04EC0-301F-11D3-BF4B-00C04F79EFBC}") = "dvmig.Plugins", "src\dvmig.Plugins\dvmig.Plugins.csproj", "{FBB5D2FE-F0D9-4869-9F84-C432E8073B4F}"
EndProject
Project("{2150E333-8FDC-42A3-9474-1A3956D46DE8}") = "doc", "doc", "{02EA681E-C7D8-13C7-8484-4AC65E1B71E8}"
	ProjectSection(SolutionItems) = preProject
		GEMINI.md = GEMINI.md
		README.md = README.md
	EndProjectSection
EndProject
Project("{FAE04EC0-301F-11D3-BF4B-00C04F79EFBC}") = "dvmig.Core", "src\dvmig.Core\dvmig.Core.csproj", "{3467DA6D-6314-4212-91BC-E1DCDFFEE2C1}"
EndProject
Project("{FAE04EC0-301F-11D3-BF4B-00C04F79EFBC}") = "dvmig.Tests", "src\dvmig.Tests\dvmig.Tests.csproj", "{8C1412DA-A620-493E-952A-01994121A45A}"
EndProject
Project("{FAE04EC0-301F-11D3-BF4B-00C04F79EFBC}") = "dvmig.Cli", "src\dvmig.Cli\dvmig.Cli.csproj", "{84068BB0-6BB6-4008-A090-06CADACC9926}"
EndProject
Global
	GlobalSection(SolutionConfigurationPlatforms) = preSolution
		Debug|Any CPU = Debug|Any CPU
		Debug|x64 = Debug|x64
		Debug|x86 = Debug|x86
		Release|Any CPU = Release|Any CPU
		Release|x64 = Release|x64
		Release|x86 = Release|x86
	EndGlobalSection
	GlobalSection(ProjectConfigurationPlatforms) = postSolution
		{FBB5D2FE-F0D9-4869-9F84-C432E8073B4F}.Debug|Any CPU.ActiveCfg = Debug|Any CPU
		{FBB5D2FE-F0D9-4869-9F84-C432E8073B4F}.Debug|Any CPU.Build.0 = Debug|Any CPU
		{FBB5D2FE-F0D9-4869-9F84-C432E8073B4F}.Debug|x64.ActiveCfg = Debug|Any CPU
		{FBB5D2FE-F0D9-4869-9F84-C432E8073B4F}.Debug|x64.Build.0 = Debug|Any CPU
		{FBB5D2FE-F0D9-4869-9F84-C432E8073B4F}.Debug|x86.ActiveCfg = Debug|Any CPU
		{FBB5D2FE-F0D9-4869-9F84-C432E8073B4F}.Debug|x86.Build.0 = Debug|Any CPU
		{FBB5D2FE-F0D9-4869-9F84-C432E8073B4F}.Release|Any CPU.ActiveCfg = Release|Any CPU
		{FBB5D2FE-F0D9-4869-9F84-C432E8073B4F}.Release|Any CPU.Build.0 = Release|Any CPU
		{FBB5D2FE-F0D9-4869-9F84-C432E8073B4F}.Release|x64.ActiveCfg = Release|Any CPU
		{FBB5D2FE-F0D9-4869-9F84-C432E8073B4F}.Release|x64.Build.0 = Release|Any CPU
		{FBB5D2FE-F0D9-4869-9F84-C432E8073B4F}.Release|x86.ActiveCfg = Release|Any CPU
		{FBB5D2FE-F0D9-4869-9F84-C432E8073B4F}.Release|x86.Build.0 = Release|Any CPU
		{3467DA6D-6314-4212-91BC-E1DCDFFEE2C1}.Debug|Any CPU.ActiveCfg = Debug|Any CPU
		{3467DA6D-6314-4212-91BC-E1DCDFFEE2C1}.Debug|Any CPU.Build.0 = Debug|Any CPU
		{3467DA6D-6314-4212-91BC-E1DCDFFEE2C1}.Debug|x64.ActiveCfg = Debug|Any CPU
		{3467DA6D-6314-4212-91BC-E1DCDFFEE2C1}.Debug|x64.Build.0 = Debug|Any CPU
		{3467DA6D-6314-4212-91BC-E1DCDFFEE2C1}.Debug|x86.ActiveCfg = Debug|Any CPU
		{3467DA6D-6314-4212-91BC-E1DCDFFEE2C1}.Debug|x86.Build.0 = Debug|Any CPU
		{3467DA6D-6314-4212-91BC-E1DCDFFEE2C1}.Release|Any CPU.ActiveCfg = Release|Any CPU
		{3467DA6D-6314-4212-91BC-E1DCDFFEE2C1}.Release|Any CPU.Build.0 = Release|Any CPU
		{3467DA6D-6314-4212-91BC-E1DCDFFEE2C1}.Release|x64.ActiveCfg = Release|Any CPU
		{3467DA6D-6314-4212-91BC-E1DCDFFEE2C1}.Release|x64.Build.0 = Release|Any CPU
		{3467DA6D-6314-4212-91BC-E1DCDFFEE2C1}.Release|x86.ActiveCfg = Release|Any CPU
		{3467DA6D-6314-4212-91BC-E1DCDFFEE2C1}.Release|x86.Build.0 = Release|Any CPU
		{8C1412DA-A620-493E-952A-01994121A45A}.Debug|Any CPU.ActiveCfg = Debug|Any CPU
		{8C1412DA-A620-493E-952A-01994121A45A}.Debug|Any CPU.Build.0 = Debug|Any CPU
		{8C1412DA-A620-493E-952A-01994121A45A}.Debug|x64.ActiveCfg = Debug|Any CPU
		{8C1412DA-A620-493E-952A-01994121A45A}.Debug|x64.Build.0 = Debug|Any CPU
		{8C1412DA-A620-493E-952A-01994121A45A}.Debug|x86.ActiveCfg = Debug|Any CPU
		{8C1412DA-A620-493E-952A-01994121A45A}.Debug|x86.Build.0 = Debug|Any CPU
		{8C1412DA-A620-493E-952A-01994121A45A}.Release|Any CPU.ActiveCfg = Release|Any CPU
		{8C1412DA-A620-493E-952A-01994121A45A}.Release|Any CPU.Build.0 = Release|Any CPU
		{8C1412DA-A620-493E-952A-01994121A45A}.Release|x64.ActiveCfg = Release|Any CPU
		{8C1412DA-A620-493E-952A-01994121A45A}.Release|x64.Build.0 = Release|Any CPU
		{8C1412DA-A620-493E-952A-01994121A45A}.Release|x86.ActiveCfg = Release|Any CPU
		{8C1412DA-A620-493E-952A-01994121A45A}.Release|x86.Build.0 = Release|Any CPU
		{84068BB0-6BB6-4008-A090-06CADACC9926}.Debug|Any CPU.ActiveCfg = Debug|Any CPU
		{84068BB0-6BB6-4008-A090-06CADACC9926}.Debug|Any CPU.Build.0 = Debug|Any CPU
		{84068BB0-6BB6-4008-A090-06CADACC9926}.Debug|x64.ActiveCfg = Debug|Any CPU
		{84068BB0-6BB6-4008-A090-06CADACC9926}.Debug|x64.Build.0 = Debug|Any CPU
		{84068BB0-6BB6-4008-A090-06CADACC9926}.Debug|x86.ActiveCfg = Debug|Any CPU
		{84068BB0-6BB6-4008-A090-06CADACC9926}.Debug|x86.Build.0 = Debug|Any CPU
		{84068BB0-6BB6-4008-A090-06CADACC9926}.Release|Any CPU.ActiveCfg = Release|Any CPU
		{84068BB0-6BB6-4008-A090-06CADACC9926}.Release|Any CPU.Build.0 = Release|Any CPU
		{84068BB0-6BB6-4008-A090-06CADACC9926}.Release|x64.ActiveCfg = Release|Any CPU
		{84068BB0-6BB6-4008-A090-06CADACC9926}.Release|x64.Build.0 = Release|Any CPU
		{84068BB0-6BB6-4008-A090-06CADACC9926}.Release|x86.ActiveCfg = Release|Any CPU
		{84068BB0-6BB6-4008-A090-06CADACC9926}.Release|x86.Build.0 = Release|Any CPU
	EndGlobalSection
	GlobalSection(SolutionProperties) = preSolution
		HideSolutionNode = FALSE
	EndGlobalSection
	GlobalSection(NestedProjects) = preSolution
		{FBB5D2FE-F0D9-4869-9F84-C432E8073B4F} = {827E0CD3-B72D-47B6-A68D-7590B98EB39B}
		{3467DA6D-6314-4212-91BC-E1DCDFFEE2C1} = {827E0CD3-B72D-47B6-A68D-7590B98EB39B}
		{8C1412DA-A620-493E-952A-01994121A45A} = {827E0CD3-B72D-47B6-A68D-7590B98EB39B}
		{84068BB0-6BB6-4008-A090-06CADACC9926} = {827E0CD3-B72D-47B6-A68D-7590B98EB39B}
	EndGlobalSection
	GlobalSection(ExtensibilityGlobals) = postSolution
		SolutionGuid = {2C92B17F-9B1D-4E92-8F8A-A41C858C7440}
	EndGlobalSection
EndGlobal
